
Microsoft Visual Studio Solution File, Format Version 12.00
# Visual Studio Version 17
VisualStudioVersion = 17.12.35514.174
MinimumVisualStudioVersion = 10.0.40219.1
Project("{2150E333-8FDC-42A3-9474-1A3956D46DE8}") = "Services", "Services", "{BD3D2B4E-F570-4815-A0D6-6D7DF3880AD4}"
EndProject
Project("{2150E333-8FDC-42A3-9474-1A3956D46DE8}") = "Auth", "Auth", "{C0435E8E-C519-40E4-A81A-35719A0FD6C7}"
EndProject
Project("{2150E333-8FDC-42A3-9474-1A3956D46DE8}") = "Profiles", "Profiles", "{A0A0C945-D099-4834-81A4-23705CC30D6F}"
EndProject
Project("{2150E333-8FDC-42A3-9474-1A3956D46DE8}") = "Entities", "Entities", "{1E99AB43-0DB9-41EF-A9B8-D41F1EF89343}"
EndProject
Project("{FAE04EC0-301F-11D3-BF4B-00C04F79EFBC}") = "Profiles", "Profiles\Entities\Profiles\Profiles.csproj", "{88B50F9C-931A-4B60-A882-BBCEB54B7A8C}"
EndProject
Project("{FAE04EC0-301F-11D3-BF4B-00C04F79EFBC}") = "ProfilesController", "Profiles\ProfilesController\ProfilesController.csproj", "{D5E846AB-1A94-4526-985D-31F8E441FF76}"
EndProject
Project("{FAE04EC0-301F-11D3-BF4B-00C04F79EFBC}") = "ProfileRepositories", "Profiles\Entities\ProfileRepositories\ProfileRepositories.csproj", "{5325E25B-3690-4B3E-BE31-D1EE6AF2A992}"
EndProject
Project("{FAE04EC0-301F-11D3-BF4B-00C04F79EFBC}") = "Application", "Profiles\Application\Application.csproj", "{F6BB9463-2520-4FB4-9A5A-D3DAB3252309}"
EndProject
Project("{FAE04EC0-301F-11D3-BF4B-00C04F79EFBC}") = "Application", "Auth\Application\Application.csproj", "{B3EA022B-28A1-410B-98A8-D066CEC406DB}"
EndProject
Project("{FAE04EC0-301F-11D3-BF4B-00C04F79EFBC}") = "Infrastructure", "Auth\Infrastructure\Infrastructure.csproj", "{788F1894-6D1D-4C67-8EAD-870755B098A0}"
EndProject
Project("{FAE04EC0-301F-11D3-BF4B-00C04F79EFBC}") = "AuthController", "Auth\AuthController\AuthController.csproj", "{CB5F9042-B2DB-4548-B5F1-094EE67DB5F3}"
EndProject
Project("{2150E333-8FDC-42A3-9474-1A3956D46DE8}") = "Domain", "Domain", "{E9FB2ED9-C193-459D-BB61-23BC3861B06C}"
EndProject
Project("{FAE04EC0-301F-11D3-BF4B-00C04F79EFBC}") = "User", "Auth\Domain\User\User.csproj", "{F3D18C70-5FAC-443A-BB15-9293F60D91AF}"
EndProject
Project("{FAE04EC0-301F-11D3-BF4B-00C04F79EFBC}") = "Persistence", "Auth\Domain\Persistence\Persistence.csproj", "{CFD158F7-6607-4D78-A468-ED62AF85E493}"
EndProject
Project("{2150E333-8FDC-42A3-9474-1A3956D46DE8}") = "Offices", "Offices", "{8275C0EF-9877-4958-AB87-AD3DF3EC1379}"
EndProject
Project("{FAE04EC0-301F-11D3-BF4B-00C04F79EFBC}") = "OfficesController", "Offices\OfficesController\OfficesController.csproj", "{9EB8421E-6AFE-4664-98A6-B6390C242C2F}"
EndProject
Project("{2150E333-8FDC-42A3-9474-1A3956D46DE8}") = "Entities", "Entities", "{42B4F312-E0B6-4164-B8BC-49E6ABFFEEAA}"
EndProject
Project("{FAE04EC0-301F-11D3-BF4B-00C04F79EFBC}") = "Offices", "Offices\Entities\Office\Offices.csproj", "{2727352F-0493-4F61-B3CC-51FA22F5B2D7}"
EndProject
Project("{FAE04EC0-301F-11D3-BF4B-00C04F79EFBC}") = "OfficeRepositories", "Offices\Entities\OfficeRepository\OfficeRepositories.csproj", "{6D24D293-663A-440E-B1FB-979168D7F9A8}"
EndProject
Project("{FAE04EC0-301F-11D3-BF4B-00C04F79EFBC}") = "Application", "Offices\Application\Application.csproj", "{38B29271-50FD-4D6E-8963-78E65A7E4AC1}"
EndProject
Project("{FAE04EC0-301F-11D3-BF4B-00C04F79EFBC}") = "Persistence", "Offices\Persistence\Persistence.csproj", "{1E24C51A-3544-447D-9609-DAD77A4E3A16}"
EndProject
Project("{FAE04EC0-301F-11D3-BF4B-00C04F79EFBC}") = "Infrastructure", "Profiles\Infrastructure\Infrastructure.csproj", "{74B9188A-88D5-4731-BB02-FC6930EACE93}"
EndProject
Project("{FAE04EC0-301F-11D3-BF4B-00C04F79EFBC}") = "Messages", "Messages\Messages.csproj", "{28E8E263-A752-4EF9-9043-B97B74BEFDEC}"
EndProject
Project("{E53339B2-1760-4266-BCC7-CA923CBCF16C}") = "docker-compose", "docker-compose.dcproj", "{D43C1861-8AF1-4C9D-B200-9BEF6B898122}"
EndProject
Global
	GlobalSection(SolutionConfigurationPlatforms) = preSolution
		Debug|Any CPU = Debug|Any CPU
		Release|Any CPU = Release|Any CPU
	EndGlobalSection
	GlobalSection(ProjectConfigurationPlatforms) = postSolution
		{88B50F9C-931A-4B60-A882-BBCEB54B7A8C}.Debug|Any CPU.ActiveCfg = Debug|Any CPU
		{88B50F9C-931A-4B60-A882-BBCEB54B7A8C}.Debug|Any CPU.Build.0 = Debug|Any CPU
		{88B50F9C-931A-4B60-A882-BBCEB54B7A8C}.Release|Any CPU.ActiveCfg = Release|Any CPU
		{88B50F9C-931A-4B60-A882-BBCEB54B7A8C}.Release|Any CPU.Build.0 = Release|Any CPU
		{D5E846AB-1A94-4526-985D-31F8E441FF76}.Debug|Any CPU.ActiveCfg = Debug|Any CPU
		{D5E846AB-1A94-4526-985D-31F8E441FF76}.Debug|Any CPU.Build.0 = Debug|Any CPU
		{D5E846AB-1A94-4526-985D-31F8E441FF76}.Release|Any CPU.ActiveCfg = Release|Any CPU
		{D5E846AB-1A94-4526-985D-31F8E441FF76}.Release|Any CPU.Build.0 = Release|Any CPU
		{5325E25B-3690-4B3E-BE31-D1EE6AF2A992}.Debug|Any CPU.ActiveCfg = Debug|Any CPU
		{5325E25B-3690-4B3E-BE31-D1EE6AF2A992}.Debug|Any CPU.Build.0 = Debug|Any CPU
		{5325E25B-3690-4B3E-BE31-D1EE6AF2A992}.Release|Any CPU.ActiveCfg = Release|Any CPU
		{5325E25B-3690-4B3E-BE31-D1EE6AF2A992}.Release|Any CPU.Build.0 = Release|Any CPU
		{F6BB9463-2520-4FB4-9A5A-D3DAB3252309}.Debug|Any CPU.ActiveCfg = Debug|Any CPU
		{F6BB9463-2520-4FB4-9A5A-D3DAB3252309}.Debug|Any CPU.Build.0 = Debug|Any CPU
		{F6BB9463-2520-4FB4-9A5A-D3DAB3252309}.Release|Any CPU.ActiveCfg = Release|Any CPU
		{F6BB9463-2520-4FB4-9A5A-D3DAB3252309}.Release|Any CPU.Build.0 = Release|Any CPU
		{B3EA022B-28A1-410B-98A8-D066CEC406DB}.Debug|Any CPU.ActiveCfg = Debug|Any CPU
		{B3EA022B-28A1-410B-98A8-D066CEC406DB}.Debug|Any CPU.Build.0 = Debug|Any CPU
		{B3EA022B-28A1-410B-98A8-D066CEC406DB}.Release|Any CPU.ActiveCfg = Release|Any CPU
		{B3EA022B-28A1-410B-98A8-D066CEC406DB}.Release|Any CPU.Build.0 = Release|Any CPU
		{788F1894-6D1D-4C67-8EAD-870755B098A0}.Debug|Any CPU.ActiveCfg = Debug|Any CPU
		{788F1894-6D1D-4C67-8EAD-870755B098A0}.Debug|Any CPU.Build.0 = Debug|Any CPU
		{788F1894-6D1D-4C67-8EAD-870755B098A0}.Release|Any CPU.ActiveCfg = Release|Any CPU
		{788F1894-6D1D-4C67-8EAD-870755B098A0}.Release|Any CPU.Build.0 = Release|Any CPU
		{CB5F9042-B2DB-4548-B5F1-094EE67DB5F3}.Debug|Any CPU.ActiveCfg = Debug|Any CPU
		{CB5F9042-B2DB-4548-B5F1-094EE67DB5F3}.Debug|Any CPU.Build.0 = Debug|Any CPU
		{CB5F9042-B2DB-4548-B5F1-094EE67DB5F3}.Release|Any CPU.ActiveCfg = Release|Any CPU
		{CB5F9042-B2DB-4548-B5F1-094EE67DB5F3}.Release|Any CPU.Build.0 = Release|Any CPU
		{F3D18C70-5FAC-443A-BB15-9293F60D91AF}.Debug|Any CPU.ActiveCfg = Debug|Any CPU
		{F3D18C70-5FAC-443A-BB15-9293F60D91AF}.Debug|Any CPU.Build.0 = Debug|Any CPU
		{F3D18C70-5FAC-443A-BB15-9293F60D91AF}.Release|Any CPU.ActiveCfg = Release|Any CPU
		{F3D18C70-5FAC-443A-BB15-9293F60D91AF}.Release|Any CPU.Build.0 = Release|Any CPU
		{CFD158F7-6607-4D78-A468-ED62AF85E493}.Debug|Any CPU.ActiveCfg = Debug|Any CPU
		{CFD158F7-6607-4D78-A468-ED62AF85E493}.Debug|Any CPU.Build.0 = Debug|Any CPU
		{CFD158F7-6607-4D78-A468-ED62AF85E493}.Release|Any CPU.ActiveCfg = Release|Any CPU
		{CFD158F7-6607-4D78-A468-ED62AF85E493}.Release|Any CPU.Build.0 = Release|Any CPU
		{9EB8421E-6AFE-4664-98A6-B6390C242C2F}.Debug|Any CPU.ActiveCfg = Debug|Any CPU
		{9EB8421E-6AFE-4664-98A6-B6390C242C2F}.Debug|Any CPU.Build.0 = Debug|Any CPU
		{9EB8421E-6AFE-4664-98A6-B6390C242C2F}.Release|Any CPU.ActiveCfg = Release|Any CPU
		{9EB8421E-6AFE-4664-98A6-B6390C242C2F}.Release|Any CPU.Build.0 = Release|Any CPU
		{2727352F-0493-4F61-B3CC-51FA22F5B2D7}.Debug|Any CPU.ActiveCfg = Debug|Any CPU
		{2727352F-0493-4F61-B3CC-51FA22F5B2D7}.Debug|Any CPU.Build.0 = Debug|Any CPU
		{2727352F-0493-4F61-B3CC-51FA22F5B2D7}.Release|Any CPU.ActiveCfg = Release|Any CPU
		{2727352F-0493-4F61-B3CC-51FA22F5B2D7}.Release|Any CPU.Build.0 = Release|Any CPU
		{6D24D293-663A-440E-B1FB-979168D7F9A8}.Debug|Any CPU.ActiveCfg = Debug|Any CPU
		{6D24D293-663A-440E-B1FB-979168D7F9A8}.Debug|Any CPU.Build.0 = Debug|Any CPU
		{6D24D293-663A-440E-B1FB-979168D7F9A8}.Release|Any CPU.ActiveCfg = Release|Any CPU
		{6D24D293-663A-440E-B1FB-979168D7F9A8}.Release|Any CPU.Build.0 = Release|Any CPU
		{38B29271-50FD-4D6E-8963-78E65A7E4AC1}.Debug|Any CPU.ActiveCfg = Debug|Any CPU
		{38B29271-50FD-4D6E-8963-78E65A7E4AC1}.Debug|Any CPU.Build.0 = Debug|Any CPU
		{38B29271-50FD-4D6E-8963-78E65A7E4AC1}.Release|Any CPU.ActiveCfg = Release|Any CPU
		{38B29271-50FD-4D6E-8963-78E65A7E4AC1}.Release|Any CPU.Build.0 = Release|Any CPU
		{1E24C51A-3544-447D-9609-DAD77A4E3A16}.Debug|Any CPU.ActiveCfg = Debug|Any CPU
		{1E24C51A-3544-447D-9609-DAD77A4E3A16}.Debug|Any CPU.Build.0 = Debug|Any CPU
		{1E24C51A-3544-447D-9609-DAD77A4E3A16}.Release|Any CPU.ActiveCfg = Release|Any CPU
		{1E24C51A-3544-447D-9609-DAD77A4E3A16}.Release|Any CPU.Build.0 = Release|Any CPU
		{74B9188A-88D5-4731-BB02-FC6930EACE93}.Debug|Any CPU.ActiveCfg = Debug|Any CPU
		{74B9188A-88D5-4731-BB02-FC6930EACE93}.Debug|Any CPU.Build.0 = Debug|Any CPU
		{74B9188A-88D5-4731-BB02-FC6930EACE93}.Release|Any CPU.ActiveCfg = Release|Any CPU
		{74B9188A-88D5-4731-BB02-FC6930EACE93}.Release|Any CPU.Build.0 = Release|Any CPU
		{28E8E263-A752-4EF9-9043-B97B74BEFDEC}.Debug|Any CPU.ActiveCfg = Debug|Any CPU
		{28E8E263-A752-4EF9-9043-B97B74BEFDEC}.Debug|Any CPU.Build.0 = Debug|Any CPU
		{28E8E263-A752-4EF9-9043-B97B74BEFDEC}.Release|Any CPU.ActiveCfg = Release|Any CPU
		{28E8E263-A752-4EF9-9043-B97B74BEFDEC}.Release|Any CPU.Build.0 = Release|Any CPU
		{D43C1861-8AF1-4C9D-B200-9BEF6B898122}.Debug|Any CPU.ActiveCfg = Debug|Any CPU
		{D43C1861-8AF1-4C9D-B200-9BEF6B898122}.Debug|Any CPU.Build.0 = Debug|Any CPU
		{D43C1861-8AF1-4C9D-B200-9BEF6B898122}.Release|Any CPU.ActiveCfg = Release|Any CPU
		{D43C1861-8AF1-4C9D-B200-9BEF6B898122}.Release|Any CPU.Build.0 = Release|Any CPU
	EndGlobalSection
	GlobalSection(SolutionProperties) = preSolution
		HideSolutionNode = FALSE
	EndGlobalSection
	GlobalSection(NestedProjects) = preSolution
		{C0435E8E-C519-40E4-A81A-35719A0FD6C7} = {BD3D2B4E-F570-4815-A0D6-6D7DF3880AD4}
		{A0A0C945-D099-4834-81A4-23705CC30D6F} = {BD3D2B4E-F570-4815-A0D6-6D7DF3880AD4}
		{1E99AB43-0DB9-41EF-A9B8-D41F1EF89343} = {A0A0C945-D099-4834-81A4-23705CC30D6F}
		{88B50F9C-931A-4B60-A882-BBCEB54B7A8C} = {1E99AB43-0DB9-41EF-A9B8-D41F1EF89343}
		{D5E846AB-1A94-4526-985D-31F8E441FF76} = {A0A0C945-D099-4834-81A4-23705CC30D6F}
		{5325E25B-3690-4B3E-BE31-D1EE6AF2A992} = {1E99AB43-0DB9-41EF-A9B8-D41F1EF89343}
		{F6BB9463-2520-4FB4-9A5A-D3DAB3252309} = {A0A0C945-D099-4834-81A4-23705CC30D6F}
		{B3EA022B-28A1-410B-98A8-D066CEC406DB} = {C0435E8E-C519-40E4-A81A-35719A0FD6C7}
		{788F1894-6D1D-4C67-8EAD-870755B098A0} = {C0435E8E-C519-40E4-A81A-35719A0FD6C7}
		{CB5F9042-B2DB-4548-B5F1-094EE67DB5F3} = {C0435E8E-C519-40E4-A81A-35719A0FD6C7}
		{E9FB2ED9-C193-459D-BB61-23BC3861B06C} = {C0435E8E-C519-40E4-A81A-35719A0FD6C7}
		{F3D18C70-5FAC-443A-BB15-9293F60D91AF} = {E9FB2ED9-C193-459D-BB61-23BC3861B06C}
		{CFD158F7-6607-4D78-A468-ED62AF85E493} = {E9FB2ED9-C193-459D-BB61-23BC3861B06C}
		{8275C0EF-9877-4958-AB87-AD3DF3EC1379} = {BD3D2B4E-F570-4815-A0D6-6D7DF3880AD4}
		{9EB8421E-6AFE-4664-98A6-B6390C242C2F} = {8275C0EF-9877-4958-AB87-AD3DF3EC1379}
		{42B4F312-E0B6-4164-B8BC-49E6ABFFEEAA} = {8275C0EF-9877-4958-AB87-AD3DF3EC1379}
		{2727352F-0493-4F61-B3CC-51FA22F5B2D7} = {42B4F312-E0B6-4164-B8BC-49E6ABFFEEAA}
		{6D24D293-663A-440E-B1FB-979168D7F9A8} = {42B4F312-E0B6-4164-B8BC-49E6ABFFEEAA}
		{38B29271-50FD-4D6E-8963-78E65A7E4AC1} = {8275C0EF-9877-4958-AB87-AD3DF3EC1379}
		{1E24C51A-3544-447D-9609-DAD77A4E3A16} = {8275C0EF-9877-4958-AB87-AD3DF3EC1379}
		{74B9188A-88D5-4731-BB02-FC6930EACE93} = {A0A0C945-D099-4834-81A4-23705CC30D6F}
		{28E8E263-A752-4EF9-9043-B97B74BEFDEC} = {BD3D2B4E-F570-4815-A0D6-6D7DF3880AD4}
	EndGlobalSection
EndGlobal
